
Microsoft Visual Studio Solution File, Format Version 12.00
# Visual Studio Version 17
VisualStudioVersion = 17.11.35208.52
MinimumVisualStudioVersion = 10.0.40219.1
Project("{9A19103F-16F7-4668-BE54-9A1E7A4F7556}") = "Rounding", "Rounding\Rounding.csproj", "{7F406709-82AA-4A6E-966B-66F5105AF85A}"
EndProject
Project("{FAE04EC0-301F-11D3-BF4B-00C04F79EFBC}") = "Rounding.Tests", "Rounding.Tests\Rounding.Tests.csproj", "{6422E0A0-CC1B-4402-B699-55B30B1A6F15}"
EndProject
Global
	GlobalSection(SolutionConfigurationPlatforms) = preSolution
		Debug|Any CPU = Debug|Any CPU
		Release|Any CPU = Release|Any CPU
	EndGlobalSection
	GlobalSection(ProjectConfigurationPlatforms) = postSolution
		{7F406709-82AA-4A6E-966B-66F5105AF85A}.Debug|Any CPU.ActiveCfg = Debug|Any CPU
		{7F406709-82AA-4A6E-966B-66F5105AF85A}.Debug|Any CPU.Build.0 = Debug|Any CPU
		{7F406709-82AA-4A6E-966B-66F5105AF85A}.Release|Any CPU.ActiveCfg = Release|Any CPU
		{7F406709-82AA-4A6E-966B-66F5105AF85A}.Release|Any CPU.Build.0 = Release|Any CPU
		{6422E0A0-CC1B-4402-B699-55B30B1A6F15}.Debug|Any CPU.ActiveCfg = Debug|Any CPU
		{6422E0A0-CC1B-4402-B699-55B30B1A6F15}.Debug|Any CPU.Build.0 = Debug|Any CPU
		{6422E0A0-CC1B-4402-B699-55B30B1A6F15}.Release|Any CPU.ActiveCfg = Release|Any CPU
		{6422E0A0-CC1B-4402-B699-55B30B1A6F15}.Release|Any CPU.Build.0 = Release|Any CPU
	EndGlobalSection
	GlobalSection(SolutionProperties) = preSolution
		HideSolutionNode = FALSE
	EndGlobalSection
	GlobalSection(ExtensibilityGlobals) = postSolution
		SolutionGuid = {A1956763-6293-40FB-A08F-89A73AE669EC}
	EndGlobalSection
EndGlobal
